// !$*UTF8*$!
{
	archiveVersion = 1;
	classes = {
	};
	objectVersion = 50;
	objects = {

/* Begin PBXBuildFile section */
		5E04492A6F726DCE2ADEA25C /* Pods_MorseCodeAppUITests.framework in Frameworks */ = {isa = PBXBuildFile; fileRef = 725373BCE135DCD1FE35647C /* Pods_MorseCodeAppUITests.framework */; };
		6AFB3E10318106A02A151C62 /* Pods_MorseCodeAppTests.framework in Frameworks */ = {isa = PBXBuildFile; fileRef = D806F7B2AC18E551D1320261 /* Pods_MorseCodeAppTests.framework */; };
		6F66AA97223C39E90069FEE4 /* AppDelegate.swift in Sources */ = {isa = PBXBuildFile; fileRef = 6F66AA96223C39E90069FEE4 /* AppDelegate.swift */; };
		6F66AA9E223C39EA0069FEE4 /* Assets.xcassets in Resources */ = {isa = PBXBuildFile; fileRef = 6F66AA9D223C39EA0069FEE4 /* Assets.xcassets */; };
		6F66AAA1223C39EA0069FEE4 /* LaunchScreen.storyboard in Resources */ = {isa = PBXBuildFile; fileRef = 6F66AA9F223C39EA0069FEE4 /* LaunchScreen.storyboard */; };
		6F66AAAC223C39EA0069FEE4 /* MorseCodeAppTests.swift in Sources */ = {isa = PBXBuildFile; fileRef = 6F66AAAB223C39EA0069FEE4 /* MorseCodeAppTests.swift */; };
		6F66AAB7223C39EA0069FEE4 /* MorseCodeAppUITests.swift in Sources */ = {isa = PBXBuildFile; fileRef = 6F66AAB6223C39EA0069FEE4 /* MorseCodeAppUITests.swift */; };
		6F86CD402242B819009EF40E /* PairCell.swift in Sources */ = {isa = PBXBuildFile; fileRef = 6F86CD3F2242B819009EF40E /* PairCell.swift */; };
		6F86CD422242B8AD009EF40E /* UITableViewCellExtension.swift in Sources */ = {isa = PBXBuildFile; fileRef = 6F86CD412242B8AD009EF40E /* UITableViewCellExtension.swift */; };
		6F86CD442242B8FC009EF40E /* BaseTableViewCell.swift in Sources */ = {isa = PBXBuildFile; fileRef = 6F86CD432242B8FC009EF40E /* BaseTableViewCell.swift */; };
		6F86CD462242B974009EF40E /* UITableViewExtension.swift in Sources */ = {isa = PBXBuildFile; fileRef = 6F86CD452242B974009EF40E /* UITableViewExtension.swift */; };
		6F86CD482242BC47009EF40E /* Spacing.swift in Sources */ = {isa = PBXBuildFile; fileRef = 6F86CD472242BC47009EF40E /* Spacing.swift */; };
		6F86CD4A2242C022009EF40E /* BaseViewController.swift in Sources */ = {isa = PBXBuildFile; fileRef = 6F86CD492242C022009EF40E /* BaseViewController.swift */; };
		6F86CD4C2242C296009EF40E /* BaseViewModel.swift in Sources */ = {isa = PBXBuildFile; fileRef = 6F86CD4B2242C296009EF40E /* BaseViewModel.swift */; };
		6F86CD532242C5BE009EF40E /* RMAlphabet.swift in Sources */ = {isa = PBXBuildFile; fileRef = 6F86CD522242C5BE009EF40E /* RMAlphabet.swift */; };
		6F86CD562242C5FA009EF40E /* RMPair.swift in Sources */ = {isa = PBXBuildFile; fileRef = 6F86CD552242C5FA009EF40E /* RMPair.swift */; };
		6F86CD582242C66A009EF40E /* DomainConvertibleType.swift in Sources */ = {isa = PBXBuildFile; fileRef = 6F86CD572242C66A009EF40E /* DomainConvertibleType.swift */; };
		6F86CD5B2242C68E009EF40E /* RealmRepresentable.swift in Sources */ = {isa = PBXBuildFile; fileRef = 6F86CD5A2242C68E009EF40E /* RealmRepresentable.swift */; };
		6F86CD5E2242C7A4009EF40E /* ObjectExtension.swift in Sources */ = {isa = PBXBuildFile; fileRef = 6F86CD5D2242C7A4009EF40E /* ObjectExtension.swift */; };
		6F94F2A822457F550094ACCE /* AlphabetCell.swift in Sources */ = {isa = PBXBuildFile; fileRef = 6F94F2A722457F550094ACCE /* AlphabetCell.swift */; };
		6F94F2AA224581B30094ACCE /* UICollectionViewExtension.swift in Sources */ = {isa = PBXBuildFile; fileRef = 6F94F2A9224581B30094ACCE /* UICollectionViewExtension.swift */; };
		6F94F2AC224582360094ACCE /* BaseCollectionViewCell.swift in Sources */ = {isa = PBXBuildFile; fileRef = 6F94F2AB224582360094ACCE /* BaseCollectionViewCell.swift */; };
		6F94F2AE224583030094ACCE /* UICollectionViewCellExtension.swift in Sources */ = {isa = PBXBuildFile; fileRef = 6F94F2AD224583030094ACCE /* UICollectionViewCellExtension.swift */; };
		6FA28AF222416CF9008D209A /* AlphabetViewModel.swift in Sources */ = {isa = PBXBuildFile; fileRef = 6FA28AF122416CF9008D209A /* AlphabetViewModel.swift */; };
		6FBC6E222247CBAD00DD3326 /* DependencyContainer.swift in Sources */ = {isa = PBXBuildFile; fileRef = 6FBC6E212247CBAD00DD3326 /* DependencyContainer.swift */; };
		6FBC6E322247DD9300DD3326 /* Localizable.strings in Resources */ = {isa = PBXBuildFile; fileRef = 6FBC6E342247DD9300DD3326 /* Localizable.strings */; };
		6FBC6E3B2247DE4C00DD3326 /* StringExtension.swift in Sources */ = {isa = PBXBuildFile; fileRef = 6FBC6E3A2247DE4C00DD3326 /* StringExtension.swift */; };
		6FBC6E3E2247E01900DD3326 /* EmptyView.swift in Sources */ = {isa = PBXBuildFile; fileRef = 6FBC6E3D2247E01900DD3326 /* EmptyView.swift */; };
		6FBC6E412247E51F00DD3326 /* Label.swift in Sources */ = {isa = PBXBuildFile; fileRef = 6FBC6E402247E51F00DD3326 /* Label.swift */; };
		6FC91EB8223C3F3E004E1451 /* GoogleService-Info.plist in Resources */ = {isa = PBXBuildFile; fileRef = 6FC91EB7223C3F3E004E1451 /* GoogleService-Info.plist */; };
		6FCFC3E9223EB8EA00ABD9FB /* MainController.swift in Sources */ = {isa = PBXBuildFile; fileRef = 6FCFC3E8223EB8EA00ABD9FB /* MainController.swift */; };
		6FCFC3F3223EBA0800ABD9FB /* AlphabetController.swift in Sources */ = {isa = PBXBuildFile; fileRef = 6FCFC3F2223EBA0800ABD9FB /* AlphabetController.swift */; };
		6FCFC3F5223EBA3300ABD9FB /* AboutController.swift in Sources */ = {isa = PBXBuildFile; fileRef = 6FCFC3F4223EBA3300ABD9FB /* AboutController.swift */; };
		6FCFC3F7223EBA5B00ABD9FB /* TranslateController.swift in Sources */ = {isa = PBXBuildFile; fileRef = 6FCFC3F6223EBA5B00ABD9FB /* TranslateController.swift */; };
		6FCFC3FA223EBAA600ABD9FB /* SettingsController.swift in Sources */ = {isa = PBXBuildFile; fileRef = 6FCFC3F9223EBAA600ABD9FB /* SettingsController.swift */; };
		6FCFC3FC223EBC2700ABD9FB /* Globals.swift in Sources */ = {isa = PBXBuildFile; fileRef = 6FCFC3FB223EBC2700ABD9FB /* Globals.swift */; };
		6FCFC401223EBF9B00ABD9FB /* UIColorExtension.swift in Sources */ = {isa = PBXBuildFile; fileRef = 6FCFC400223EBF9B00ABD9FB /* UIColorExtension.swift */; };
		6FCFC403223EC4CF00ABD9FB /* UIImageExtension.swift in Sources */ = {isa = PBXBuildFile; fileRef = 6FCFC402223EC4CF00ABD9FB /* UIImageExtension.swift */; };
		6FECA51122401A1A00E944E7 /* Alphabet.swift in Sources */ = {isa = PBXBuildFile; fileRef = 6FECA51022401A1A00E944E7 /* Alphabet.swift */; };
		6FECA51422401AE300E944E7 /* Pair.swift in Sources */ = {isa = PBXBuildFile; fileRef = 6FECA51322401AE300E944E7 /* Pair.swift */; };
		6FECA51622401BA300E944E7 /* AlphabetRepository.swift in Sources */ = {isa = PBXBuildFile; fileRef = 6FECA51522401BA300E944E7 /* AlphabetRepository.swift */; };
		6FECA51D2240217700E944E7 /* NSErrorExtension.swift in Sources */ = {isa = PBXBuildFile; fileRef = 6FECA51C2240217700E944E7 /* NSErrorExtension.swift */; };
		71AE6685E4523E4C26E45E08 /* Pods_MorseCodeApp.framework in Frameworks */ = {isa = PBXBuildFile; fileRef = 26B11D4B85239F4494C75CAA /* Pods_MorseCodeApp.framework */; };
/* End PBXBuildFile section */

/* Begin PBXContainerItemProxy section */
		6F66AAA8223C39EA0069FEE4 /* PBXContainerItemProxy */ = {
			isa = PBXContainerItemProxy;
			containerPortal = 6F66AA8B223C39E90069FEE4 /* Project object */;
			proxyType = 1;
			remoteGlobalIDString = 6F66AA92223C39E90069FEE4;
			remoteInfo = MorseCodeApp;
		};
		6F66AAB3223C39EA0069FEE4 /* PBXContainerItemProxy */ = {
			isa = PBXContainerItemProxy;
			containerPortal = 6F66AA8B223C39E90069FEE4 /* Project object */;
			proxyType = 1;
			remoteGlobalIDString = 6F66AA92223C39E90069FEE4;
			remoteInfo = MorseCodeApp;
		};
/* End PBXContainerItemProxy section */

/* Begin PBXFileReference section */
		26B11D4B85239F4494C75CAA /* Pods_MorseCodeApp.framework */ = {isa = PBXFileReference; explicitFileType = wrapper.framework; includeInIndex = 0; path = Pods_MorseCodeApp.framework; sourceTree = BUILT_PRODUCTS_DIR; };
		3F7A5C27751665066446B41D /* Pods-MorseCodeAppUITests.debug.xcconfig */ = {isa = PBXFileReference; includeInIndex = 1; lastKnownFileType = text.xcconfig; name = "Pods-MorseCodeAppUITests.debug.xcconfig"; path = "Pods/Target Support Files/Pods-MorseCodeAppUITests/Pods-MorseCodeAppUITests.debug.xcconfig"; sourceTree = "<group>"; };
		6F66AA93223C39E90069FEE4 /* MorseCodeApp.app */ = {isa = PBXFileReference; explicitFileType = wrapper.application; includeInIndex = 0; path = MorseCodeApp.app; sourceTree = BUILT_PRODUCTS_DIR; };
		6F66AA96223C39E90069FEE4 /* AppDelegate.swift */ = {isa = PBXFileReference; lastKnownFileType = sourcecode.swift; path = AppDelegate.swift; sourceTree = "<group>"; };
		6F66AA9D223C39EA0069FEE4 /* Assets.xcassets */ = {isa = PBXFileReference; lastKnownFileType = folder.assetcatalog; path = Assets.xcassets; sourceTree = "<group>"; };
		6F66AAA0223C39EA0069FEE4 /* Base */ = {isa = PBXFileReference; lastKnownFileType = file.storyboard; name = Base; path = Base.lproj/LaunchScreen.storyboard; sourceTree = "<group>"; };
		6F66AAA2223C39EA0069FEE4 /* Info.plist */ = {isa = PBXFileReference; lastKnownFileType = text.plist.xml; path = Info.plist; sourceTree = "<group>"; };
		6F66AAA7223C39EA0069FEE4 /* MorseCodeAppTests.xctest */ = {isa = PBXFileReference; explicitFileType = wrapper.cfbundle; includeInIndex = 0; path = MorseCodeAppTests.xctest; sourceTree = BUILT_PRODUCTS_DIR; };
		6F66AAAB223C39EA0069FEE4 /* MorseCodeAppTests.swift */ = {isa = PBXFileReference; lastKnownFileType = sourcecode.swift; path = MorseCodeAppTests.swift; sourceTree = "<group>"; };
		6F66AAAD223C39EA0069FEE4 /* Info.plist */ = {isa = PBXFileReference; lastKnownFileType = text.plist.xml; path = Info.plist; sourceTree = "<group>"; };
		6F66AAB2223C39EA0069FEE4 /* MorseCodeAppUITests.xctest */ = {isa = PBXFileReference; explicitFileType = wrapper.cfbundle; includeInIndex = 0; path = MorseCodeAppUITests.xctest; sourceTree = BUILT_PRODUCTS_DIR; };
		6F66AAB6223C39EA0069FEE4 /* MorseCodeAppUITests.swift */ = {isa = PBXFileReference; lastKnownFileType = sourcecode.swift; path = MorseCodeAppUITests.swift; sourceTree = "<group>"; };
		6F66AAB8223C39EB0069FEE4 /* Info.plist */ = {isa = PBXFileReference; lastKnownFileType = text.plist.xml; path = Info.plist; sourceTree = "<group>"; };
		6F836370223D986A003F4B41 /* MorseCodeApp.entitlements */ = {isa = PBXFileReference; lastKnownFileType = text.plist.entitlements; path = MorseCodeApp.entitlements; sourceTree = "<group>"; };
		6F86CD3F2242B819009EF40E /* PairCell.swift */ = {isa = PBXFileReference; lastKnownFileType = sourcecode.swift; path = PairCell.swift; sourceTree = "<group>"; };
		6F86CD412242B8AD009EF40E /* UITableViewCellExtension.swift */ = {isa = PBXFileReference; lastKnownFileType = sourcecode.swift; path = UITableViewCellExtension.swift; sourceTree = "<group>"; };
		6F86CD432242B8FC009EF40E /* BaseTableViewCell.swift */ = {isa = PBXFileReference; lastKnownFileType = sourcecode.swift; path = BaseTableViewCell.swift; sourceTree = "<group>"; };
		6F86CD452242B974009EF40E /* UITableViewExtension.swift */ = {isa = PBXFileReference; lastKnownFileType = sourcecode.swift; path = UITableViewExtension.swift; sourceTree = "<group>"; };
		6F86CD472242BC47009EF40E /* Spacing.swift */ = {isa = PBXFileReference; lastKnownFileType = sourcecode.swift; path = Spacing.swift; sourceTree = "<group>"; };
		6F86CD492242C022009EF40E /* BaseViewController.swift */ = {isa = PBXFileReference; lastKnownFileType = sourcecode.swift; path = BaseViewController.swift; sourceTree = "<group>"; };
		6F86CD4B2242C296009EF40E /* BaseViewModel.swift */ = {isa = PBXFileReference; lastKnownFileType = sourcecode.swift; path = BaseViewModel.swift; sourceTree = "<group>"; };
		6F86CD522242C5BE009EF40E /* RMAlphabet.swift */ = {isa = PBXFileReference; lastKnownFileType = sourcecode.swift; path = RMAlphabet.swift; sourceTree = "<group>"; };
		6F86CD552242C5FA009EF40E /* RMPair.swift */ = {isa = PBXFileReference; lastKnownFileType = sourcecode.swift; path = RMPair.swift; sourceTree = "<group>"; };
		6F86CD572242C66A009EF40E /* DomainConvertibleType.swift */ = {isa = PBXFileReference; lastKnownFileType = sourcecode.swift; path = DomainConvertibleType.swift; sourceTree = "<group>"; };
		6F86CD5A2242C68E009EF40E /* RealmRepresentable.swift */ = {isa = PBXFileReference; lastKnownFileType = sourcecode.swift; path = RealmRepresentable.swift; sourceTree = "<group>"; };
		6F86CD5D2242C7A4009EF40E /* ObjectExtension.swift */ = {isa = PBXFileReference; lastKnownFileType = sourcecode.swift; path = ObjectExtension.swift; sourceTree = "<group>"; };
		6F94F2A722457F550094ACCE /* AlphabetCell.swift */ = {isa = PBXFileReference; lastKnownFileType = sourcecode.swift; path = AlphabetCell.swift; sourceTree = "<group>"; };
		6F94F2A9224581B30094ACCE /* UICollectionViewExtension.swift */ = {isa = PBXFileReference; lastKnownFileType = sourcecode.swift; path = UICollectionViewExtension.swift; sourceTree = "<group>"; };
		6F94F2AB224582360094ACCE /* BaseCollectionViewCell.swift */ = {isa = PBXFileReference; lastKnownFileType = sourcecode.swift; path = BaseCollectionViewCell.swift; sourceTree = "<group>"; };
		6F94F2AD224583030094ACCE /* UICollectionViewCellExtension.swift */ = {isa = PBXFileReference; lastKnownFileType = sourcecode.swift; path = UICollectionViewCellExtension.swift; sourceTree = "<group>"; };
		6FA28AF122416CF9008D209A /* AlphabetViewModel.swift */ = {isa = PBXFileReference; lastKnownFileType = sourcecode.swift; path = AlphabetViewModel.swift; sourceTree = "<group>"; };
		6FBC6E212247CBAD00DD3326 /* DependencyContainer.swift */ = {isa = PBXFileReference; lastKnownFileType = sourcecode.swift; path = DependencyContainer.swift; sourceTree = "<group>"; };
		6FBC6E2A2247DD3600DD3326 /* pl */ = {isa = PBXFileReference; lastKnownFileType = text.plist.strings; name = pl; path = pl.lproj/LaunchScreen.strings; sourceTree = "<group>"; };
		6FBC6E332247DD9300DD3326 /* pl */ = {isa = PBXFileReference; lastKnownFileType = text.plist.strings; name = pl; path = pl.lproj/Localizable.strings; sourceTree = "<group>"; };
		6FBC6E392247DDF500DD3326 /* en */ = {isa = PBXFileReference; lastKnownFileType = text.plist.strings; name = en; path = en.lproj/Localizable.strings; sourceTree = "<group>"; };
		6FBC6E3A2247DE4C00DD3326 /* StringExtension.swift */ = {isa = PBXFileReference; lastKnownFileType = sourcecode.swift; path = StringExtension.swift; sourceTree = "<group>"; };
		6FBC6E3D2247E01900DD3326 /* EmptyView.swift */ = {isa = PBXFileReference; lastKnownFileType = sourcecode.swift; path = EmptyView.swift; sourceTree = "<group>"; };
		6FBC6E402247E51F00DD3326 /* Label.swift */ = {isa = PBXFileReference; lastKnownFileType = sourcecode.swift; path = Label.swift; sourceTree = "<group>"; };
		6FC91EB7223C3F3E004E1451 /* GoogleService-Info.plist */ = {isa = PBXFileReference; fileEncoding = 4; lastKnownFileType = text.plist.xml; path = "GoogleService-Info.plist"; sourceTree = "<group>"; };
		6FCFC3E8223EB8EA00ABD9FB /* MainController.swift */ = {isa = PBXFileReference; lastKnownFileType = sourcecode.swift; path = MainController.swift; sourceTree = "<group>"; };
		6FCFC3F2223EBA0800ABD9FB /* AlphabetController.swift */ = {isa = PBXFileReference; lastKnownFileType = sourcecode.swift; path = AlphabetController.swift; sourceTree = "<group>"; };
		6FCFC3F4223EBA3300ABD9FB /* AboutController.swift */ = {isa = PBXFileReference; lastKnownFileType = sourcecode.swift; path = AboutController.swift; sourceTree = "<group>"; };
		6FCFC3F6223EBA5B00ABD9FB /* TranslateController.swift */ = {isa = PBXFileReference; lastKnownFileType = sourcecode.swift; path = TranslateController.swift; sourceTree = "<group>"; };
		6FCFC3F9223EBAA600ABD9FB /* SettingsController.swift */ = {isa = PBXFileReference; lastKnownFileType = sourcecode.swift; path = SettingsController.swift; sourceTree = "<group>"; };
		6FCFC3FB223EBC2700ABD9FB /* Globals.swift */ = {isa = PBXFileReference; lastKnownFileType = sourcecode.swift; path = Globals.swift; sourceTree = "<group>"; };
		6FCFC400223EBF9B00ABD9FB /* UIColorExtension.swift */ = {isa = PBXFileReference; lastKnownFileType = sourcecode.swift; path = UIColorExtension.swift; sourceTree = "<group>"; };
		6FCFC402223EC4CF00ABD9FB /* UIImageExtension.swift */ = {isa = PBXFileReference; lastKnownFileType = sourcecode.swift; path = UIImageExtension.swift; sourceTree = "<group>"; };
		6FECA51022401A1A00E944E7 /* Alphabet.swift */ = {isa = PBXFileReference; lastKnownFileType = sourcecode.swift; path = Alphabet.swift; sourceTree = "<group>"; };
		6FECA51322401AE300E944E7 /* Pair.swift */ = {isa = PBXFileReference; lastKnownFileType = sourcecode.swift; path = Pair.swift; sourceTree = "<group>"; };
		6FECA51522401BA300E944E7 /* AlphabetRepository.swift */ = {isa = PBXFileReference; lastKnownFileType = sourcecode.swift; path = AlphabetRepository.swift; sourceTree = "<group>"; };
		6FECA51C2240217700E944E7 /* NSErrorExtension.swift */ = {isa = PBXFileReference; lastKnownFileType = sourcecode.swift; path = NSErrorExtension.swift; sourceTree = "<group>"; };
		702B351FC567503A52FF3441 /* Pods-MorseCodeAppUITests.release.xcconfig */ = {isa = PBXFileReference; includeInIndex = 1; lastKnownFileType = text.xcconfig; name = "Pods-MorseCodeAppUITests.release.xcconfig"; path = "Pods/Target Support Files/Pods-MorseCodeAppUITests/Pods-MorseCodeAppUITests.release.xcconfig"; sourceTree = "<group>"; };
		725373BCE135DCD1FE35647C /* Pods_MorseCodeAppUITests.framework */ = {isa = PBXFileReference; explicitFileType = wrapper.framework; includeInIndex = 0; path = Pods_MorseCodeAppUITests.framework; sourceTree = BUILT_PRODUCTS_DIR; };
		8994739D8D9112D55B50F7D4 /* Pods-MorseCodeAppTests.debug.xcconfig */ = {isa = PBXFileReference; includeInIndex = 1; lastKnownFileType = text.xcconfig; name = "Pods-MorseCodeAppTests.debug.xcconfig"; path = "Pods/Target Support Files/Pods-MorseCodeAppTests/Pods-MorseCodeAppTests.debug.xcconfig"; sourceTree = "<group>"; };
		C9807E65065617F1D1EFE81B /* Pods-MorseCodeAppTests.release.xcconfig */ = {isa = PBXFileReference; includeInIndex = 1; lastKnownFileType = text.xcconfig; name = "Pods-MorseCodeAppTests.release.xcconfig"; path = "Pods/Target Support Files/Pods-MorseCodeAppTests/Pods-MorseCodeAppTests.release.xcconfig"; sourceTree = "<group>"; };
		D20D2FD213EF46EA1C7F9157 /* Pods-MorseCodeApp.debug.xcconfig */ = {isa = PBXFileReference; includeInIndex = 1; lastKnownFileType = text.xcconfig; name = "Pods-MorseCodeApp.debug.xcconfig"; path = "Pods/Target Support Files/Pods-MorseCodeApp/Pods-MorseCodeApp.debug.xcconfig"; sourceTree = "<group>"; };
		D806F7B2AC18E551D1320261 /* Pods_MorseCodeAppTests.framework */ = {isa = PBXFileReference; explicitFileType = wrapper.framework; includeInIndex = 0; path = Pods_MorseCodeAppTests.framework; sourceTree = BUILT_PRODUCTS_DIR; };
		E892775C25809B8866598E1D /* Pods-MorseCodeApp.release.xcconfig */ = {isa = PBXFileReference; includeInIndex = 1; lastKnownFileType = text.xcconfig; name = "Pods-MorseCodeApp.release.xcconfig"; path = "Pods/Target Support Files/Pods-MorseCodeApp/Pods-MorseCodeApp.release.xcconfig"; sourceTree = "<group>"; };
/* End PBXFileReference section */

/* Begin PBXFrameworksBuildPhase section */
		6F66AA90223C39E90069FEE4 /* Frameworks */ = {
			isa = PBXFrameworksBuildPhase;
			buildActionMask = 2147483647;
			files = (
				71AE6685E4523E4C26E45E08 /* Pods_MorseCodeApp.framework in Frameworks */,
			);
			runOnlyForDeploymentPostprocessing = 0;
		};
		6F66AAA4223C39EA0069FEE4 /* Frameworks */ = {
			isa = PBXFrameworksBuildPhase;
			buildActionMask = 2147483647;
			files = (
				6AFB3E10318106A02A151C62 /* Pods_MorseCodeAppTests.framework in Frameworks */,
			);
			runOnlyForDeploymentPostprocessing = 0;
		};
		6F66AAAF223C39EA0069FEE4 /* Frameworks */ = {
			isa = PBXFrameworksBuildPhase;
			buildActionMask = 2147483647;
			files = (
				5E04492A6F726DCE2ADEA25C /* Pods_MorseCodeAppUITests.framework in Frameworks */,
			);
			runOnlyForDeploymentPostprocessing = 0;
		};
/* End PBXFrameworksBuildPhase section */

/* Begin PBXGroup section */
		6F66AA8A223C39E90069FEE4 = {
			isa = PBXGroup;
			children = (
				6F66AA95223C39E90069FEE4 /* MorseCodeApp */,
				6F66AAAA223C39EA0069FEE4 /* MorseCodeAppTests */,
				6F66AAB5223C39EA0069FEE4 /* MorseCodeAppUITests */,
				6F66AA94223C39E90069FEE4 /* Products */,
				F81EE133471336C5F46AF5BA /* Pods */,
				EBCEEB988BC5F3AA8A389E15 /* Frameworks */,
			);
			sourceTree = "<group>";
		};
		6F66AA94223C39E90069FEE4 /* Products */ = {
			isa = PBXGroup;
			children = (
				6F66AA93223C39E90069FEE4 /* MorseCodeApp.app */,
				6F66AAA7223C39EA0069FEE4 /* MorseCodeAppTests.xctest */,
				6F66AAB2223C39EA0069FEE4 /* MorseCodeAppUITests.xctest */,
			);
			name = Products;
			sourceTree = "<group>";
		};
		6F66AA95223C39E90069FEE4 /* MorseCodeApp */ = {
			isa = PBXGroup;
			children = (
				6F86CD502242C59F009EF40E /* RealmPlatform */,
				6FCFC3EB223EB92C00ABD9FB /* Alphabet */,
				6FCFC3EA223EB92300ABD9FB /* About */,
				6FECA51722401CF500E944E7 /* Base */,
				6FBC6E3C2247DFF200DD3326 /* EmptyView */,
				6FCFC3E7223EB86100ABD9FB /* Main */,
				6FCFC3FE223EBF6100ABD9FB /* Utils */,
				6FCFC3F8223EBA8500ABD9FB /* SettingsController */,
				6FCFC3FD223EBD9200ABD9FB /* Splash */,
				6FCFC3EC223EB94E00ABD9FB /* Translate */,
				6FCFC3FB223EBC2700ABD9FB /* Globals.swift */,
				6F66AA96223C39E90069FEE4 /* AppDelegate.swift */,
				6F66AA9D223C39EA0069FEE4 /* Assets.xcassets */,
				6F66AAA2223C39EA0069FEE4 /* Info.plist */,
				6FC91EB7223C3F3E004E1451 /* GoogleService-Info.plist */,
				6FBC6E342247DD9300DD3326 /* Localizable.strings */,
				6F836370223D986A003F4B41 /* MorseCodeApp.entitlements */,
			);
			path = MorseCodeApp;
			sourceTree = "<group>";
		};
		6F66AAAA223C39EA0069FEE4 /* MorseCodeAppTests */ = {
			isa = PBXGroup;
			children = (
				6F66AAAB223C39EA0069FEE4 /* MorseCodeAppTests.swift */,
				6F66AAAD223C39EA0069FEE4 /* Info.plist */,
			);
			path = MorseCodeAppTests;
			sourceTree = "<group>";
		};
		6F66AAB5223C39EA0069FEE4 /* MorseCodeAppUITests */ = {
			isa = PBXGroup;
			children = (
				6F66AAB6223C39EA0069FEE4 /* MorseCodeAppUITests.swift */,
				6F66AAB8223C39EB0069FEE4 /* Info.plist */,
			);
			path = MorseCodeAppUITests;
			sourceTree = "<group>";
		};
		6F86CD3E2242B7F3009EF40E /* views */ = {
			isa = PBXGroup;
			children = (
				6F86CD3F2242B819009EF40E /* PairCell.swift */,
				6F94F2A722457F550094ACCE /* AlphabetCell.swift */,
			);
			path = views;
			sourceTree = "<group>";
		};
		6F86CD502242C59F009EF40E /* RealmPlatform */ = {
			isa = PBXGroup;
			children = (
				6F86CD5C2242C796009EF40E /* utils */,
				6F86CD542242C5D5009EF40E /* base */,
				6F86CD512242C5AE009EF40E /* model */,
			);
			path = RealmPlatform;
			sourceTree = "<group>";
		};
		6F86CD512242C5AE009EF40E /* model */ = {
			isa = PBXGroup;
			children = (
				6F86CD522242C5BE009EF40E /* RMAlphabet.swift */,
				6F86CD552242C5FA009EF40E /* RMPair.swift */,
			);
			path = model;
			sourceTree = "<group>";
		};
		6F86CD542242C5D5009EF40E /* base */ = {
			isa = PBXGroup;
			children = (
				6F86CD572242C66A009EF40E /* DomainConvertibleType.swift */,
				6F86CD5A2242C68E009EF40E /* RealmRepresentable.swift */,
			);
			path = base;
			sourceTree = "<group>";
		};
		6F86CD5C2242C796009EF40E /* utils */ = {
			isa = PBXGroup;
			children = (
				6F86CD5D2242C7A4009EF40E /* ObjectExtension.swift */,
			);
			path = utils;
			sourceTree = "<group>";
		};
		6FA28AEF22416CA3008D209A /* controllers */ = {
			isa = PBXGroup;
			children = (
				6FCFC3F2223EBA0800ABD9FB /* AlphabetController.swift */,
			);
			path = controllers;
			sourceTree = "<group>";
		};
		6FA28AF022416CAE008D209A /* viewModels */ = {
			isa = PBXGroup;
			children = (
				6FA28AF122416CF9008D209A /* AlphabetViewModel.swift */,
			);
			path = viewModels;
			sourceTree = "<group>";
		};
		6FBC6E3C2247DFF200DD3326 /* EmptyView */ = {
			isa = PBXGroup;
			children = (
				6FBC6E3D2247E01900DD3326 /* EmptyView.swift */,
			);
			path = EmptyView;
			sourceTree = "<group>";
		};
		6FCFC3E7223EB86100ABD9FB /* Main */ = {
			isa = PBXGroup;
			children = (
				6FCFC3E8223EB8EA00ABD9FB /* MainController.swift */,
			);
			path = Main;
			sourceTree = "<group>";
		};
		6FCFC3EA223EB92300ABD9FB /* About */ = {
			isa = PBXGroup;
			children = (
				6FCFC3F4223EBA3300ABD9FB /* AboutController.swift */,
			);
			path = About;
			sourceTree = "<group>";
		};
		6FCFC3EB223EB92C00ABD9FB /* Alphabet */ = {
			isa = PBXGroup;
			children = (
				6FA28AEF22416CA3008D209A /* controllers */,
				6FECA50F22401A0100E944E7 /* models */,
				6FECA50C2240139F00E944E7 /* repository */,
				6F86CD3E2242B7F3009EF40E /* views */,
				6FA28AF022416CAE008D209A /* viewModels */,
			);
			path = Alphabet;
			sourceTree = "<group>";
		};
		6FCFC3EC223EB94E00ABD9FB /* Translate */ = {
			isa = PBXGroup;
			children = (
				6FCFC3F6223EBA5B00ABD9FB /* TranslateController.swift */,
			);
			path = Translate;
			sourceTree = "<group>";
		};
		6FCFC3F8223EBA8500ABD9FB /* SettingsController */ = {
			isa = PBXGroup;
			children = (
				6FCFC3F9223EBAA600ABD9FB /* SettingsController.swift */,
			);
			path = SettingsController;
			sourceTree = "<group>";
		};
		6FCFC3FD223EBD9200ABD9FB /* Splash */ = {
			isa = PBXGroup;
			children = (
				6F66AA9F223C39EA0069FEE4 /* LaunchScreen.storyboard */,
			);
			path = Splash;
			sourceTree = "<group>";
		};
		6FCFC3FE223EBF6100ABD9FB /* Utils */ = {
			isa = PBXGroup;
			children = (
				6FCFC3FF223EBF7D00ABD9FB /* extensions */,
				6FBC6E212247CBAD00DD3326 /* DependencyContainer.swift */,
				6F86CD472242BC47009EF40E /* Spacing.swift */,
			);
			path = Utils;
			sourceTree = "<group>";
		};
		6FCFC3FF223EBF7D00ABD9FB /* extensions */ = {
			isa = PBXGroup;
			children = (
				6FCFC400223EBF9B00ABD9FB /* UIColorExtension.swift */,
				6FCFC402223EC4CF00ABD9FB /* UIImageExtension.swift */,
				6FECA51C2240217700E944E7 /* NSErrorExtension.swift */,
				6F86CD412242B8AD009EF40E /* UITableViewCellExtension.swift */,
				6F86CD452242B974009EF40E /* UITableViewExtension.swift */,
				6F94F2A9224581B30094ACCE /* UICollectionViewExtension.swift */,
				6F94F2AD224583030094ACCE /* UICollectionViewCellExtension.swift */,
				6FBC6E3A2247DE4C00DD3326 /* StringExtension.swift */,
			);
			path = extensions;
			sourceTree = "<group>";
		};
		6FECA50C2240139F00E944E7 /* repository */ = {
			isa = PBXGroup;
			children = (
				6FECA51522401BA300E944E7 /* AlphabetRepository.swift */,
			);
			path = repository;
			sourceTree = "<group>";
		};
		6FECA50F22401A0100E944E7 /* models */ = {
			isa = PBXGroup;
			children = (
				6FECA51022401A1A00E944E7 /* Alphabet.swift */,
				6FECA51322401AE300E944E7 /* Pair.swift */,
			);
			path = models;
			sourceTree = "<group>";
		};
		6FECA51722401CF500E944E7 /* Base */ = {
			isa = PBXGroup;
			children = (
				6F86CD432242B8FC009EF40E /* BaseTableViewCell.swift */,
				6F86CD492242C022009EF40E /* BaseViewController.swift */,
				6F86CD4B2242C296009EF40E /* BaseViewModel.swift */,
				6F94F2AB224582360094ACCE /* BaseCollectionViewCell.swift */,
				6FBC6E402247E51F00DD3326 /* Label.swift */,
			);
			path = Base;
			sourceTree = "<group>";
		};
		EBCEEB988BC5F3AA8A389E15 /* Frameworks */ = {
			isa = PBXGroup;
			children = (
				26B11D4B85239F4494C75CAA /* Pods_MorseCodeApp.framework */,
				D806F7B2AC18E551D1320261 /* Pods_MorseCodeAppTests.framework */,
				725373BCE135DCD1FE35647C /* Pods_MorseCodeAppUITests.framework */,
			);
			name = Frameworks;
			sourceTree = "<group>";
		};
		F81EE133471336C5F46AF5BA /* Pods */ = {
			isa = PBXGroup;
			children = (
				D20D2FD213EF46EA1C7F9157 /* Pods-MorseCodeApp.debug.xcconfig */,
				E892775C25809B8866598E1D /* Pods-MorseCodeApp.release.xcconfig */,
				8994739D8D9112D55B50F7D4 /* Pods-MorseCodeAppTests.debug.xcconfig */,
				C9807E65065617F1D1EFE81B /* Pods-MorseCodeAppTests.release.xcconfig */,
				3F7A5C27751665066446B41D /* Pods-MorseCodeAppUITests.debug.xcconfig */,
				702B351FC567503A52FF3441 /* Pods-MorseCodeAppUITests.release.xcconfig */,
			);
			name = Pods;
			sourceTree = "<group>";
		};
/* End PBXGroup section */

/* Begin PBXNativeTarget section */
		6F66AA92223C39E90069FEE4 /* MorseCodeApp */ = {
			isa = PBXNativeTarget;
			buildConfigurationList = 6F66AABB223C39EB0069FEE4 /* Build configuration list for PBXNativeTarget "MorseCodeApp" */;
			buildPhases = (
				CF5B9247B0AAD640DAC8170F /* [CP] Check Pods Manifest.lock */,
				6F66AA8F223C39E90069FEE4 /* Sources */,
				6F66AA90223C39E90069FEE4 /* Frameworks */,
				6F66AA91223C39E90069FEE4 /* Resources */,
				E1D01F4E2088ABB4B832873A /* [CP] Embed Pods Frameworks */,
				6FC91EB9223C418D004E1451 /* ShellScript */,
				6FC91EBA223C45D0004E1451 /* ShellScript */,
			);
			buildRules = (
			);
			dependencies = (
			);
			name = MorseCodeApp;
			productName = MorseCodeApp;
			productReference = 6F66AA93223C39E90069FEE4 /* MorseCodeApp.app */;
			productType = "com.apple.product-type.application";
		};
		6F66AAA6223C39EA0069FEE4 /* MorseCodeAppTests */ = {
			isa = PBXNativeTarget;
			buildConfigurationList = 6F66AABE223C39EB0069FEE4 /* Build configuration list for PBXNativeTarget "MorseCodeAppTests" */;
			buildPhases = (
				4837B59CAB3E3A2212F9E540 /* [CP] Check Pods Manifest.lock */,
				6F66AAA3223C39EA0069FEE4 /* Sources */,
				6F66AAA4223C39EA0069FEE4 /* Frameworks */,
				6F66AAA5223C39EA0069FEE4 /* Resources */,
				E6E60DBBD4FCBAFA487F3C04 /* [CP] Embed Pods Frameworks */,
			);
			buildRules = (
			);
			dependencies = (
				6F66AAA9223C39EA0069FEE4 /* PBXTargetDependency */,
			);
			name = MorseCodeAppTests;
			productName = MorseCodeAppTests;
			productReference = 6F66AAA7223C39EA0069FEE4 /* MorseCodeAppTests.xctest */;
			productType = "com.apple.product-type.bundle.unit-test";
		};
		6F66AAB1223C39EA0069FEE4 /* MorseCodeAppUITests */ = {
			isa = PBXNativeTarget;
			buildConfigurationList = 6F66AAC1223C39EB0069FEE4 /* Build configuration list for PBXNativeTarget "MorseCodeAppUITests" */;
			buildPhases = (
				D02910F4551BBD6593777A5A /* [CP] Check Pods Manifest.lock */,
				6F66AAAE223C39EA0069FEE4 /* Sources */,
				6F66AAAF223C39EA0069FEE4 /* Frameworks */,
				6F66AAB0223C39EA0069FEE4 /* Resources */,
				57F3D4441D92DC47E56F5D69 /* [CP] Embed Pods Frameworks */,
			);
			buildRules = (
			);
			dependencies = (
				6F66AAB4223C39EA0069FEE4 /* PBXTargetDependency */,
			);
			name = MorseCodeAppUITests;
			productName = MorseCodeAppUITests;
			productReference = 6F66AAB2223C39EA0069FEE4 /* MorseCodeAppUITests.xctest */;
			productType = "com.apple.product-type.bundle.ui-testing";
		};
/* End PBXNativeTarget section */

/* Begin PBXProject section */
		6F66AA8B223C39E90069FEE4 /* Project object */ = {
			isa = PBXProject;
			attributes = {
				LastSwiftUpdateCheck = 1010;
				LastUpgradeCheck = 1010;
				ORGANIZATIONNAME = "Mariusz Sut";
				TargetAttributes = {
					6F66AA92223C39E90069FEE4 = {
						CreatedOnToolsVersion = 10.1;
						SystemCapabilities = {
							com.apple.ApplicationGroups.iOS = {
								enabled = 0;
							};
						};
					};
					6F66AAA6223C39EA0069FEE4 = {
						CreatedOnToolsVersion = 10.1;
						TestTargetID = 6F66AA92223C39E90069FEE4;
					};
					6F66AAB1223C39EA0069FEE4 = {
						CreatedOnToolsVersion = 10.1;
						TestTargetID = 6F66AA92223C39E90069FEE4;
					};
				};
			};
			buildConfigurationList = 6F66AA8E223C39E90069FEE4 /* Build configuration list for PBXProject "MorseCodeApp" */;
			compatibilityVersion = "Xcode 9.3";
			developmentRegion = en;
			hasScannedForEncodings = 0;
			knownRegions = (
				en,
				Base,
			);
			mainGroup = 6F66AA8A223C39E90069FEE4;
			productRefGroup = 6F66AA94223C39E90069FEE4 /* Products */;
			projectDirPath = "";
			projectRoot = "";
			targets = (
				6F66AA92223C39E90069FEE4 /* MorseCodeApp */,
				6F66AAA6223C39EA0069FEE4 /* MorseCodeAppTests */,
				6F66AAB1223C39EA0069FEE4 /* MorseCodeAppUITests */,
			);
		};
/* End PBXProject section */

/* Begin PBXResourcesBuildPhase section */
		6F66AA91223C39E90069FEE4 /* Resources */ = {
			isa = PBXResourcesBuildPhase;
			buildActionMask = 2147483647;
			files = (
				6FBC6E322247DD9300DD3326 /* Localizable.strings in Resources */,
				6F66AAA1223C39EA0069FEE4 /* LaunchScreen.storyboard in Resources */,
				6FC91EB8223C3F3E004E1451 /* GoogleService-Info.plist in Resources */,
				6F66AA9E223C39EA0069FEE4 /* Assets.xcassets in Resources */,
			);
			runOnlyForDeploymentPostprocessing = 0;
		};
		6F66AAA5223C39EA0069FEE4 /* Resources */ = {
			isa = PBXResourcesBuildPhase;
			buildActionMask = 2147483647;
			files = (
			);
			runOnlyForDeploymentPostprocessing = 0;
		};
		6F66AAB0223C39EA0069FEE4 /* Resources */ = {
			isa = PBXResourcesBuildPhase;
			buildActionMask = 2147483647;
			files = (
			);
			runOnlyForDeploymentPostprocessing = 0;
		};
/* End PBXResourcesBuildPhase section */

/* Begin PBXShellScriptBuildPhase section */
		4837B59CAB3E3A2212F9E540 /* [CP] Check Pods Manifest.lock */ = {
			isa = PBXShellScriptBuildPhase;
			buildActionMask = 2147483647;
			files = (
			);
			inputFileListPaths = (
			);
			inputPaths = (
				"${PODS_PODFILE_DIR_PATH}/Podfile.lock",
				"${PODS_ROOT}/Manifest.lock",
			);
			name = "[CP] Check Pods Manifest.lock";
			outputFileListPaths = (
			);
			outputPaths = (
				"$(DERIVED_FILE_DIR)/Pods-MorseCodeAppTests-checkManifestLockResult.txt",
			);
			runOnlyForDeploymentPostprocessing = 0;
			shellPath = /bin/sh;
			shellScript = "diff \"${PODS_PODFILE_DIR_PATH}/Podfile.lock\" \"${PODS_ROOT}/Manifest.lock\" > /dev/null\nif [ $? != 0 ] ; then\n    # print error to STDERR\n    echo \"error: The sandbox is not in sync with the Podfile.lock. Run 'pod install' or update your CocoaPods installation.\" >&2\n    exit 1\nfi\n# This output is used by Xcode 'outputs' to avoid re-running this script phase.\necho \"SUCCESS\" > \"${SCRIPT_OUTPUT_FILE_0}\"\n";
			showEnvVarsInLog = 0;
		};
		57F3D4441D92DC47E56F5D69 /* [CP] Embed Pods Frameworks */ = {
			isa = PBXShellScriptBuildPhase;
			buildActionMask = 2147483647;
			files = (
			);
			inputFileListPaths = (
			);
			inputPaths = (
				"${SRCROOT}/Pods/Target Support Files/Pods-MorseCodeAppUITests/Pods-MorseCodeAppUITests-frameworks.sh",
				"${BUILT_PRODUCTS_DIR}/RxAtomic/RxAtomic.framework",
				"${BUILT_PRODUCTS_DIR}/RxSwift/RxSwift.framework",
				"${BUILT_PRODUCTS_DIR}/RxTest/RxTest.framework",
			);
			name = "[CP] Embed Pods Frameworks";
			outputFileListPaths = (
			);
			outputPaths = (
				"${TARGET_BUILD_DIR}/${FRAMEWORKS_FOLDER_PATH}/RxAtomic.framework",
				"${TARGET_BUILD_DIR}/${FRAMEWORKS_FOLDER_PATH}/RxSwift.framework",
				"${TARGET_BUILD_DIR}/${FRAMEWORKS_FOLDER_PATH}/RxTest.framework",
			);
			runOnlyForDeploymentPostprocessing = 0;
			shellPath = /bin/sh;
			shellScript = "\"${SRCROOT}/Pods/Target Support Files/Pods-MorseCodeAppUITests/Pods-MorseCodeAppUITests-frameworks.sh\"\n";
			showEnvVarsInLog = 0;
		};
		6FC91EB9223C418D004E1451 /* ShellScript */ = {
			isa = PBXShellScriptBuildPhase;
			buildActionMask = 2147483647;
			files = (
			);
			inputFileListPaths = (
			);
			inputPaths = (
			);
			outputFileListPaths = (
			);
			outputPaths = (
			);
			runOnlyForDeploymentPostprocessing = 0;
			shellPath = /bin/sh;
			shellScript = "\"${PODS_ROOT}/Fabric/run\"\n";
		};
		6FC91EBA223C45D0004E1451 /* ShellScript */ = {
			isa = PBXShellScriptBuildPhase;
			buildActionMask = 2147483647;
			files = (
			);
			inputFileListPaths = (
			);
			inputPaths = (
			);
			outputFileListPaths = (
			);
			outputPaths = (
			);
			runOnlyForDeploymentPostprocessing = 0;
			shellPath = /bin/sh;
			shellScript = "\"${PODS_ROOT}/SwiftLint/swiftlint\"\n";
		};
		CF5B9247B0AAD640DAC8170F /* [CP] Check Pods Manifest.lock */ = {
			isa = PBXShellScriptBuildPhase;
			buildActionMask = 2147483647;
			files = (
			);
			inputFileListPaths = (
			);
			inputPaths = (
				"${PODS_PODFILE_DIR_PATH}/Podfile.lock",
				"${PODS_ROOT}/Manifest.lock",
			);
			name = "[CP] Check Pods Manifest.lock";
			outputFileListPaths = (
			);
			outputPaths = (
				"$(DERIVED_FILE_DIR)/Pods-MorseCodeApp-checkManifestLockResult.txt",
			);
			runOnlyForDeploymentPostprocessing = 0;
			shellPath = /bin/sh;
			shellScript = "diff \"${PODS_PODFILE_DIR_PATH}/Podfile.lock\" \"${PODS_ROOT}/Manifest.lock\" > /dev/null\nif [ $? != 0 ] ; then\n    # print error to STDERR\n    echo \"error: The sandbox is not in sync with the Podfile.lock. Run 'pod install' or update your CocoaPods installation.\" >&2\n    exit 1\nfi\n# This output is used by Xcode 'outputs' to avoid re-running this script phase.\necho \"SUCCESS\" > \"${SCRIPT_OUTPUT_FILE_0}\"\n";
			showEnvVarsInLog = 0;
		};
		D02910F4551BBD6593777A5A /* [CP] Check Pods Manifest.lock */ = {
			isa = PBXShellScriptBuildPhase;
			buildActionMask = 2147483647;
			files = (
			);
			inputFileListPaths = (
			);
			inputPaths = (
				"${PODS_PODFILE_DIR_PATH}/Podfile.lock",
				"${PODS_ROOT}/Manifest.lock",
			);
			name = "[CP] Check Pods Manifest.lock";
			outputFileListPaths = (
			);
			outputPaths = (
				"$(DERIVED_FILE_DIR)/Pods-MorseCodeAppUITests-checkManifestLockResult.txt",
			);
			runOnlyForDeploymentPostprocessing = 0;
			shellPath = /bin/sh;
			shellScript = "diff \"${PODS_PODFILE_DIR_PATH}/Podfile.lock\" \"${PODS_ROOT}/Manifest.lock\" > /dev/null\nif [ $? != 0 ] ; then\n    # print error to STDERR\n    echo \"error: The sandbox is not in sync with the Podfile.lock. Run 'pod install' or update your CocoaPods installation.\" >&2\n    exit 1\nfi\n# This output is used by Xcode 'outputs' to avoid re-running this script phase.\necho \"SUCCESS\" > \"${SCRIPT_OUTPUT_FILE_0}\"\n";
			showEnvVarsInLog = 0;
		};
		E1D01F4E2088ABB4B832873A /* [CP] Embed Pods Frameworks */ = {
			isa = PBXShellScriptBuildPhase;
			buildActionMask = 2147483647;
			files = (
			);
			inputFileListPaths = (
			);
			inputPaths = (
				"${SRCROOT}/Pods/Target Support Files/Pods-MorseCodeApp/Pods-MorseCodeApp-frameworks.sh",
				"${BUILT_PRODUCTS_DIR}/Alamofire/Alamofire.framework",
				"${BUILT_PRODUCTS_DIR}/DZNEmptyDataSet/DZNEmptyDataSet.framework",
				"${BUILT_PRODUCTS_DIR}/Differentiator/Differentiator.framework",
				"${BUILT_PRODUCTS_DIR}/GoogleUtilities/GoogleUtilities.framework",
				"${BUILT_PRODUCTS_DIR}/Realm/Realm.framework",
				"${BUILT_PRODUCTS_DIR}/RealmSwift/RealmSwift.framework",
				"${BUILT_PRODUCTS_DIR}/RxAtomic/RxAtomic.framework",
				"${BUILT_PRODUCTS_DIR}/RxCocoa/RxCocoa.framework",
				"${BUILT_PRODUCTS_DIR}/RxDataSources/RxDataSources.framework",
				"${BUILT_PRODUCTS_DIR}/RxRealm/RxRealm.framework",
				"${BUILT_PRODUCTS_DIR}/RxSwift/RxSwift.framework",
				"${BUILT_PRODUCTS_DIR}/RxSwiftExt/RxSwiftExt.framework",
				"${BUILT_PRODUCTS_DIR}/SnapKit/SnapKit.framework",
				"${BUILT_PRODUCTS_DIR}/SwifterSwift/SwifterSwift.framework",
				"${BUILT_PRODUCTS_DIR}/Swinject/Swinject.framework",
				"${BUILT_PRODUCTS_DIR}/nanopb/nanopb.framework",
			);
			name = "[CP] Embed Pods Frameworks";
			outputFileListPaths = (
			);
			outputPaths = (
				"${TARGET_BUILD_DIR}/${FRAMEWORKS_FOLDER_PATH}/Alamofire.framework",
				"${TARGET_BUILD_DIR}/${FRAMEWORKS_FOLDER_PATH}/DZNEmptyDataSet.framework",
				"${TARGET_BUILD_DIR}/${FRAMEWORKS_FOLDER_PATH}/Differentiator.framework",
				"${TARGET_BUILD_DIR}/${FRAMEWORKS_FOLDER_PATH}/GoogleUtilities.framework",
				"${TARGET_BUILD_DIR}/${FRAMEWORKS_FOLDER_PATH}/Realm.framework",
				"${TARGET_BUILD_DIR}/${FRAMEWORKS_FOLDER_PATH}/RealmSwift.framework",
				"${TARGET_BUILD_DIR}/${FRAMEWORKS_FOLDER_PATH}/RxAtomic.framework",
				"${TARGET_BUILD_DIR}/${FRAMEWORKS_FOLDER_PATH}/RxCocoa.framework",
				"${TARGET_BUILD_DIR}/${FRAMEWORKS_FOLDER_PATH}/RxDataSources.framework",
				"${TARGET_BUILD_DIR}/${FRAMEWORKS_FOLDER_PATH}/RxRealm.framework",
				"${TARGET_BUILD_DIR}/${FRAMEWORKS_FOLDER_PATH}/RxSwift.framework",
				"${TARGET_BUILD_DIR}/${FRAMEWORKS_FOLDER_PATH}/RxSwiftExt.framework",
				"${TARGET_BUILD_DIR}/${FRAMEWORKS_FOLDER_PATH}/SnapKit.framework",
				"${TARGET_BUILD_DIR}/${FRAMEWORKS_FOLDER_PATH}/SwifterSwift.framework",
				"${TARGET_BUILD_DIR}/${FRAMEWORKS_FOLDER_PATH}/Swinject.framework",
				"${TARGET_BUILD_DIR}/${FRAMEWORKS_FOLDER_PATH}/nanopb.framework",
			);
			runOnlyForDeploymentPostprocessing = 0;
			shellPath = /bin/sh;
			shellScript = "\"${SRCROOT}/Pods/Target Support Files/Pods-MorseCodeApp/Pods-MorseCodeApp-frameworks.sh\"\n";
			showEnvVarsInLog = 0;
		};
		E6E60DBBD4FCBAFA487F3C04 /* [CP] Embed Pods Frameworks */ = {
			isa = PBXShellScriptBuildPhase;
			buildActionMask = 2147483647;
			files = (
			);
			inputFileListPaths = (
			);
			inputPaths = (
				"${SRCROOT}/Pods/Target Support Files/Pods-MorseCodeAppTests/Pods-MorseCodeAppTests-frameworks.sh",
				"${BUILT_PRODUCTS_DIR}/RxAtomic/RxAtomic.framework",
				"${BUILT_PRODUCTS_DIR}/RxSwift/RxSwift.framework",
				"${BUILT_PRODUCTS_DIR}/RxTest/RxTest.framework",
			);
			name = "[CP] Embed Pods Frameworks";
			outputFileListPaths = (
			);
			outputPaths = (
				"${TARGET_BUILD_DIR}/${FRAMEWORKS_FOLDER_PATH}/RxAtomic.framework",
				"${TARGET_BUILD_DIR}/${FRAMEWORKS_FOLDER_PATH}/RxSwift.framework",
				"${TARGET_BUILD_DIR}/${FRAMEWORKS_FOLDER_PATH}/RxTest.framework",
			);
			runOnlyForDeploymentPostprocessing = 0;
			shellPath = /bin/sh;
			shellScript = "\"${SRCROOT}/Pods/Target Support Files/Pods-MorseCodeAppTests/Pods-MorseCodeAppTests-frameworks.sh\"\n";
			showEnvVarsInLog = 0;
		};
/* End PBXShellScriptBuildPhase section */

/* Begin PBXSourcesBuildPhase section */
		6F66AA8F223C39E90069FEE4 /* Sources */ = {
			isa = PBXSourcesBuildPhase;
			buildActionMask = 2147483647;
			files = (
				6FCFC3FA223EBAA600ABD9FB /* SettingsController.swift in Sources */,
				6FCFC3E9223EB8EA00ABD9FB /* MainController.swift in Sources */,
				6FA28AF222416CF9008D209A /* AlphabetViewModel.swift in Sources */,
				6F86CD442242B8FC009EF40E /* BaseTableViewCell.swift in Sources */,
				6FBC6E3B2247DE4C00DD3326 /* StringExtension.swift in Sources */,
				6F86CD422242B8AD009EF40E /* UITableViewCellExtension.swift in Sources */,
				6F94F2AC224582360094ACCE /* BaseCollectionViewCell.swift in Sources */,
				6FECA51622401BA300E944E7 /* AlphabetRepository.swift in Sources */,
				6FCFC3F3223EBA0800ABD9FB /* AlphabetController.swift in Sources */,
				6FCFC401223EBF9B00ABD9FB /* UIColorExtension.swift in Sources */,
				6FECA51422401AE300E944E7 /* Pair.swift in Sources */,
				6F86CD562242C5FA009EF40E /* RMPair.swift in Sources */,
				6F86CD532242C5BE009EF40E /* RMAlphabet.swift in Sources */,
				6FBC6E3E2247E01900DD3326 /* EmptyView.swift in Sources */,
				6FBC6E412247E51F00DD3326 /* Label.swift in Sources */,
				6FCFC3F7223EBA5B00ABD9FB /* TranslateController.swift in Sources */,
				6F86CD462242B974009EF40E /* UITableViewExtension.swift in Sources */,
				6FECA51D2240217700E944E7 /* NSErrorExtension.swift in Sources */,
				6F86CD5B2242C68E009EF40E /* RealmRepresentable.swift in Sources */,
				6F86CD4A2242C022009EF40E /* BaseViewController.swift in Sources */,
				6F86CD4C2242C296009EF40E /* BaseViewModel.swift in Sources */,
				6FBC6E222247CBAD00DD3326 /* DependencyContainer.swift in Sources */,
				6FCFC403223EC4CF00ABD9FB /* UIImageExtension.swift in Sources */,
				6F86CD482242BC47009EF40E /* Spacing.swift in Sources */,
				6F94F2AE224583030094ACCE /* UICollectionViewCellExtension.swift in Sources */,
				6F94F2AA224581B30094ACCE /* UICollectionViewExtension.swift in Sources */,
				6F66AA97223C39E90069FEE4 /* AppDelegate.swift in Sources */,
				6FCFC3FC223EBC2700ABD9FB /* Globals.swift in Sources */,
				6F86CD582242C66A009EF40E /* DomainConvertibleType.swift in Sources */,
				6F86CD5E2242C7A4009EF40E /* ObjectExtension.swift in Sources */,
				6FECA51122401A1A00E944E7 /* Alphabet.swift in Sources */,
				6FCFC3F5223EBA3300ABD9FB /* AboutController.swift in Sources */,
				6F94F2A822457F550094ACCE /* AlphabetCell.swift in Sources */,
				6F86CD402242B819009EF40E /* PairCell.swift in Sources */,
			);
			runOnlyForDeploymentPostprocessing = 0;
		};
		6F66AAA3223C39EA0069FEE4 /* Sources */ = {
			isa = PBXSourcesBuildPhase;
			buildActionMask = 2147483647;
			files = (
				6F66AAAC223C39EA0069FEE4 /* MorseCodeAppTests.swift in Sources */,
			);
			runOnlyForDeploymentPostprocessing = 0;
		};
		6F66AAAE223C39EA0069FEE4 /* Sources */ = {
			isa = PBXSourcesBuildPhase;
			buildActionMask = 2147483647;
			files = (
				6F66AAB7223C39EA0069FEE4 /* MorseCodeAppUITests.swift in Sources */,
			);
			runOnlyForDeploymentPostprocessing = 0;
		};
/* End PBXSourcesBuildPhase section */

/* Begin PBXTargetDependency section */
		6F66AAA9223C39EA0069FEE4 /* PBXTargetDependency */ = {
			isa = PBXTargetDependency;
			target = 6F66AA92223C39E90069FEE4 /* MorseCodeApp */;
			targetProxy = 6F66AAA8223C39EA0069FEE4 /* PBXContainerItemProxy */;
		};
		6F66AAB4223C39EA0069FEE4 /* PBXTargetDependency */ = {
			isa = PBXTargetDependency;
			target = 6F66AA92223C39E90069FEE4 /* MorseCodeApp */;
			targetProxy = 6F66AAB3223C39EA0069FEE4 /* PBXContainerItemProxy */;
		};
/* End PBXTargetDependency section */

/* Begin PBXVariantGroup section */
		6F66AA9F223C39EA0069FEE4 /* LaunchScreen.storyboard */ = {
			isa = PBXVariantGroup;
			children = (
				6F66AAA0223C39EA0069FEE4 /* Base */,
				6FBC6E2A2247DD3600DD3326 /* pl */,
			);
			name = LaunchScreen.storyboard;
			sourceTree = "<group>";
		};
		6FBC6E342247DD9300DD3326 /* Localizable.strings */ = {
			isa = PBXVariantGroup;
			children = (
				6FBC6E332247DD9300DD3326 /* pl */,
				6FBC6E392247DDF500DD3326 /* en */,
			);
			name = Localizable.strings;
			sourceTree = "<group>";
		};
/* End PBXVariantGroup section */

/* Begin XCBuildConfiguration section */
		6F66AAB9223C39EB0069FEE4 /* Debug */ = {
			isa = XCBuildConfiguration;
			buildSettings = {
				ALWAYS_SEARCH_USER_PATHS = NO;
				CLANG_ANALYZER_LOCALIZABILITY_NONLOCALIZED = YES;
				CLANG_ANALYZER_NONNULL = YES;
				CLANG_ANALYZER_NUMBER_OBJECT_CONVERSION = YES_AGGRESSIVE;
				CLANG_CXX_LANGUAGE_STANDARD = "gnu++14";
				CLANG_CXX_LIBRARY = "libc++";
				CLANG_ENABLE_MODULES = YES;
				CLANG_ENABLE_OBJC_ARC = YES;
				CLANG_ENABLE_OBJC_WEAK = YES;
				CLANG_WARN_BLOCK_CAPTURE_AUTORELEASING = YES;
				CLANG_WARN_BOOL_CONVERSION = YES;
				CLANG_WARN_COMMA = YES;
				CLANG_WARN_CONSTANT_CONVERSION = YES;
				CLANG_WARN_DEPRECATED_OBJC_IMPLEMENTATIONS = YES;
				CLANG_WARN_DIRECT_OBJC_ISA_USAGE = YES_ERROR;
				CLANG_WARN_DOCUMENTATION_COMMENTS = YES;
				CLANG_WARN_EMPTY_BODY = YES;
				CLANG_WARN_ENUM_CONVERSION = YES;
				CLANG_WARN_INFINITE_RECURSION = YES;
				CLANG_WARN_INT_CONVERSION = YES;
				CLANG_WARN_NON_LITERAL_NULL_CONVERSION = YES;
				CLANG_WARN_OBJC_IMPLICIT_RETAIN_SELF = YES;
				CLANG_WARN_OBJC_LITERAL_CONVERSION = YES;
				CLANG_WARN_OBJC_ROOT_CLASS = YES_ERROR;
				CLANG_WARN_RANGE_LOOP_ANALYSIS = YES;
				CLANG_WARN_STRICT_PROTOTYPES = YES;
				CLANG_WARN_SUSPICIOUS_MOVE = YES;
				CLANG_WARN_UNGUARDED_AVAILABILITY = YES_AGGRESSIVE;
				CLANG_WARN_UNREACHABLE_CODE = YES;
				CLANG_WARN__DUPLICATE_METHOD_MATCH = YES;
				CODE_SIGN_IDENTITY = "iPhone Developer";
				COPY_PHASE_STRIP = NO;
				DEBUG_INFORMATION_FORMAT = "dwarf-with-dsym";
				ENABLE_STRICT_OBJC_MSGSEND = YES;
				ENABLE_TESTABILITY = YES;
				GCC_C_LANGUAGE_STANDARD = gnu11;
				GCC_DYNAMIC_NO_PIC = NO;
				GCC_NO_COMMON_BLOCKS = YES;
				GCC_OPTIMIZATION_LEVEL = 0;
				GCC_PREPROCESSOR_DEFINITIONS = (
					"DEBUG=1",
					"$(inherited)",
				);
				GCC_WARN_64_TO_32_BIT_CONVERSION = YES;
				GCC_WARN_ABOUT_RETURN_TYPE = YES_ERROR;
				GCC_WARN_UNDECLARED_SELECTOR = YES;
				GCC_WARN_UNINITIALIZED_AUTOS = YES_AGGRESSIVE;
				GCC_WARN_UNUSED_FUNCTION = YES;
				GCC_WARN_UNUSED_VARIABLE = YES;
				IPHONEOS_DEPLOYMENT_TARGET = 12.1;
				MTL_ENABLE_DEBUG_INFO = INCLUDE_SOURCE;
				MTL_FAST_MATH = YES;
				ONLY_ACTIVE_ARCH = YES;
				SDKROOT = iphoneos;
				SWIFT_ACTIVE_COMPILATION_CONDITIONS = DEBUG;
				SWIFT_OPTIMIZATION_LEVEL = "-Onone";
			};
			name = Debug;
		};
		6F66AABA223C39EB0069FEE4 /* Release */ = {
			isa = XCBuildConfiguration;
			buildSettings = {
				ALWAYS_SEARCH_USER_PATHS = NO;
				CLANG_ANALYZER_LOCALIZABILITY_NONLOCALIZED = YES;
				CLANG_ANALYZER_NONNULL = YES;
				CLANG_ANALYZER_NUMBER_OBJECT_CONVERSION = YES_AGGRESSIVE;
				CLANG_CXX_LANGUAGE_STANDARD = "gnu++14";
				CLANG_CXX_LIBRARY = "libc++";
				CLANG_ENABLE_MODULES = YES;
				CLANG_ENABLE_OBJC_ARC = YES;
				CLANG_ENABLE_OBJC_WEAK = YES;
				CLANG_WARN_BLOCK_CAPTURE_AUTORELEASING = YES;
				CLANG_WARN_BOOL_CONVERSION = YES;
				CLANG_WARN_COMMA = YES;
				CLANG_WARN_CONSTANT_CONVERSION = YES;
				CLANG_WARN_DEPRECATED_OBJC_IMPLEMENTATIONS = YES;
				CLANG_WARN_DIRECT_OBJC_ISA_USAGE = YES_ERROR;
				CLANG_WARN_DOCUMENTATION_COMMENTS = YES;
				CLANG_WARN_EMPTY_BODY = YES;
				CLANG_WARN_ENUM_CONVERSION = YES;
				CLANG_WARN_INFINITE_RECURSION = YES;
				CLANG_WARN_INT_CONVERSION = YES;
				CLANG_WARN_NON_LITERAL_NULL_CONVERSION = YES;
				CLANG_WARN_OBJC_IMPLICIT_RETAIN_SELF = YES;
				CLANG_WARN_OBJC_LITERAL_CONVERSION = YES;
				CLANG_WARN_OBJC_ROOT_CLASS = YES_ERROR;
				CLANG_WARN_RANGE_LOOP_ANALYSIS = YES;
				CLANG_WARN_STRICT_PROTOTYPES = YES;
				CLANG_WARN_SUSPICIOUS_MOVE = YES;
				CLANG_WARN_UNGUARDED_AVAILABILITY = YES_AGGRESSIVE;
				CLANG_WARN_UNREACHABLE_CODE = YES;
				CLANG_WARN__DUPLICATE_METHOD_MATCH = YES;
				CODE_SIGN_IDENTITY = "iPhone Developer";
				COPY_PHASE_STRIP = NO;
				DEBUG_INFORMATION_FORMAT = "dwarf-with-dsym";
				ENABLE_NS_ASSERTIONS = NO;
				ENABLE_STRICT_OBJC_MSGSEND = YES;
				GCC_C_LANGUAGE_STANDARD = gnu11;
				GCC_NO_COMMON_BLOCKS = YES;
				GCC_WARN_64_TO_32_BIT_CONVERSION = YES;
				GCC_WARN_ABOUT_RETURN_TYPE = YES_ERROR;
				GCC_WARN_UNDECLARED_SELECTOR = YES;
				GCC_WARN_UNINITIALIZED_AUTOS = YES_AGGRESSIVE;
				GCC_WARN_UNUSED_FUNCTION = YES;
				GCC_WARN_UNUSED_VARIABLE = YES;
				IPHONEOS_DEPLOYMENT_TARGET = 12.1;
				MTL_ENABLE_DEBUG_INFO = NO;
				MTL_FAST_MATH = YES;
				SDKROOT = iphoneos;
				SWIFT_COMPILATION_MODE = wholemodule;
				SWIFT_OPTIMIZATION_LEVEL = "-O";
				VALIDATE_PRODUCT = YES;
			};
			name = Release;
		};
		6F66AABC223C39EB0069FEE4 /* Debug */ = {
			isa = XCBuildConfiguration;
			baseConfigurationReference = D20D2FD213EF46EA1C7F9157 /* Pods-MorseCodeApp.debug.xcconfig */;
			buildSettings = {
				ASSETCATALOG_COMPILER_APPICON_NAME = AppIcon;
				CODE_SIGN_IDENTITY = "iPhone Developer";
				CODE_SIGN_STYLE = Automatic;
				CURRENT_PROJECT_VERSION = 6;
				DEVELOPMENT_TEAM = F8MY77QSLQ;
				INFOPLIST_FILE = MorseCodeApp/Info.plist;
				LD_RUNPATH_SEARCH_PATHS = (
					"$(inherited)",
					"@executable_path/Frameworks",
				);
				PRODUCT_BUNDLE_IDENTIFIER = com.msut.MorseCodeApp;
				PRODUCT_NAME = "$(TARGET_NAME)";
				PROVISIONING_PROFILE_SPECIFIER = "";
				SWIFT_VERSION = 4.2;
				TARGETED_DEVICE_FAMILY = "1,2";
				VERSIONING_SYSTEM = "apple-generic";
			};
			name = Debug;
		};
		6F66AABD223C39EB0069FEE4 /* Release */ = {
			isa = XCBuildConfiguration;
			baseConfigurationReference = E892775C25809B8866598E1D /* Pods-MorseCodeApp.release.xcconfig */;
			buildSettings = {
				ASSETCATALOG_COMPILER_APPICON_NAME = AppIcon;
				CODE_SIGN_IDENTITY = "iPhone Developer";
				CODE_SIGN_STYLE = Automatic;
				CURRENT_PROJECT_VERSION = 6;
				DEVELOPMENT_TEAM = F8MY77QSLQ;
				INFOPLIST_FILE = MorseCodeApp/Info.plist;
				LD_RUNPATH_SEARCH_PATHS = (
					"$(inherited)",
					"@executable_path/Frameworks",
				);
				PRODUCT_BUNDLE_IDENTIFIER = com.msut.MorseCodeApp;
				PRODUCT_NAME = "$(TARGET_NAME)";
				PROVISIONING_PROFILE_SPECIFIER = "";
				SWIFT_VERSION = 4.2;
				TARGETED_DEVICE_FAMILY = "1,2";
				VERSIONING_SYSTEM = "apple-generic";
			};
			name = Release;
		};
		6F66AABF223C39EB0069FEE4 /* Debug */ = {
			isa = XCBuildConfiguration;
			baseConfigurationReference = 8994739D8D9112D55B50F7D4 /* Pods-MorseCodeAppTests.debug.xcconfig */;
			buildSettings = {
				ALWAYS_EMBED_SWIFT_STANDARD_LIBRARIES = YES;
				BUNDLE_LOADER = "$(TEST_HOST)";
				CODE_SIGN_STYLE = Automatic;
				DEVELOPMENT_TEAM = F8MY77QSLQ;
				INFOPLIST_FILE = MorseCodeAppTests/Info.plist;
				LD_RUNPATH_SEARCH_PATHS = (
					"$(inherited)",
					"@executable_path/Frameworks",
					"@loader_path/Frameworks",
				);
				PRODUCT_BUNDLE_IDENTIFIER = com.msut.MorseCodeAppTests;
				PRODUCT_NAME = "$(TARGET_NAME)";
				SWIFT_VERSION = 4.2;
				TARGETED_DEVICE_FAMILY = "1,2";
				TEST_HOST = "$(BUILT_PRODUCTS_DIR)/MorseCodeApp.app/MorseCodeApp";
			};
			name = Debug;
		};
		6F66AAC0223C39EB0069FEE4 /* Release */ = {
			isa = XCBuildConfiguration;
			baseConfigurationReference = C9807E65065617F1D1EFE81B /* Pods-MorseCodeAppTests.release.xcconfig */;
			buildSettings = {
				ALWAYS_EMBED_SWIFT_STANDARD_LIBRARIES = YES;
				BUNDLE_LOADER = "$(TEST_HOST)";
				CODE_SIGN_STYLE = Automatic;
				DEVELOPMENT_TEAM = F8MY77QSLQ;
				INFOPLIST_FILE = MorseCodeAppTests/Info.plist;
				LD_RUNPATH_SEARCH_PATHS = (
					"$(inherited)",
					"@executable_path/Frameworks",
					"@loader_path/Frameworks",
				);
				PRODUCT_BUNDLE_IDENTIFIER = com.msut.MorseCodeAppTests;
				PRODUCT_NAME = "$(TARGET_NAME)";
				SWIFT_VERSION = 4.2;
				TARGETED_DEVICE_FAMILY = "1,2";
				TEST_HOST = "$(BUILT_PRODUCTS_DIR)/MorseCodeApp.app/MorseCodeApp";
			};
			name = Release;
		};
		6F66AAC2223C39EB0069FEE4 /* Debug */ = {
			isa = XCBuildConfiguration;
			baseConfigurationReference = 3F7A5C27751665066446B41D /* Pods-MorseCodeAppUITests.debug.xcconfig */;
			buildSettings = {
				ALWAYS_EMBED_SWIFT_STANDARD_LIBRARIES = YES;
				CODE_SIGN_STYLE = Automatic;
				DEVELOPMENT_TEAM = F8MY77QSLQ;
				INFOPLIST_FILE = MorseCodeAppUITests/Info.plist;
				LD_RUNPATH_SEARCH_PATHS = (
					"$(inherited)",
					"@executable_path/Frameworks",
					"@loader_path/Frameworks",
				);
				PRODUCT_BUNDLE_IDENTIFIER = com.msut.MorseCodeAppUITests;
				PRODUCT_NAME = "$(TARGET_NAME)";
				SWIFT_VERSION = 4.2;
				TARGETED_DEVICE_FAMILY = "1,2";
				TEST_TARGET_NAME = MorseCodeApp;
			};
			name = Debug;
		};
		6F66AAC3223C39EB0069FEE4 /* Release */ = {
			isa = XCBuildConfiguration;
			baseConfigurationReference = 702B351FC567503A52FF3441 /* Pods-MorseCodeAppUITests.release.xcconfig */;
			buildSettings = {
				ALWAYS_EMBED_SWIFT_STANDARD_LIBRARIES = YES;
				CODE_SIGN_STYLE = Automatic;
				DEVELOPMENT_TEAM = F8MY77QSLQ;
				INFOPLIST_FILE = MorseCodeAppUITests/Info.plist;
				LD_RUNPATH_SEARCH_PATHS = (
					"$(inherited)",
					"@executable_path/Frameworks",
					"@loader_path/Frameworks",
				);
				PRODUCT_BUNDLE_IDENTIFIER = com.msut.MorseCodeAppUITests;
				PRODUCT_NAME = "$(TARGET_NAME)";
				SWIFT_VERSION = 4.2;
				TARGETED_DEVICE_FAMILY = "1,2";
				TEST_TARGET_NAME = MorseCodeApp;
			};
			name = Release;
		};
/* End XCBuildConfiguration section */

/* Begin XCConfigurationList section */
		6F66AA8E223C39E90069FEE4 /* Build configuration list for PBXProject "MorseCodeApp" */ = {
			isa = XCConfigurationList;
			buildConfigurations = (
				6F66AAB9223C39EB0069FEE4 /* Debug */,
				6F66AABA223C39EB0069FEE4 /* Release */,
			);
			defaultConfigurationIsVisible = 0;
			defaultConfigurationName = Release;
		};
		6F66AABB223C39EB0069FEE4 /* Build configuration list for PBXNativeTarget "MorseCodeApp" */ = {
			isa = XCConfigurationList;
			buildConfigurations = (
				6F66AABC223C39EB0069FEE4 /* Debug */,
				6F66AABD223C39EB0069FEE4 /* Release */,
			);
			defaultConfigurationIsVisible = 0;
			defaultConfigurationName = Release;
		};
		6F66AABE223C39EB0069FEE4 /* Build configuration list for PBXNativeTarget "MorseCodeAppTests" */ = {
			isa = XCConfigurationList;
			buildConfigurations = (
				6F66AABF223C39EB0069FEE4 /* Debug */,
				6F66AAC0223C39EB0069FEE4 /* Release */,
			);
			defaultConfigurationIsVisible = 0;
			defaultConfigurationName = Release;
		};
		6F66AAC1223C39EB0069FEE4 /* Build configuration list for PBXNativeTarget "MorseCodeAppUITests" */ = {
			isa = XCConfigurationList;
			buildConfigurations = (
				6F66AAC2223C39EB0069FEE4 /* Debug */,
				6F66AAC3223C39EB0069FEE4 /* Release */,
			);
			defaultConfigurationIsVisible = 0;
			defaultConfigurationName = Release;
		};
/* End XCConfigurationList section */
	};
	rootObject = 6F66AA8B223C39E90069FEE4 /* Project object */;
}
